
Microsoft Visual Studio Solution File, Format Version 12.00
# Visual Studio Version 16
VisualStudioVersion = 16.0.31624.102
MinimumVisualStudioVersion = 10.0.40219.1
Project("{FAE04EC0-301F-11D3-BF4B-00C04F79EFBC}") = "SnakeAndLadderGame", "SnakeAndLadderGame.csproj", "{9E637F7A-5EC1-4C7B-A225-F6C6362619F0}"
EndProject
Global
	GlobalSection(SolutionConfigurationPlatforms) = preSolution
		Debug|Any CPU = Debug|Any CPU
		Release|Any CPU = Release|Any CPU
	EndGlobalSection
	GlobalSection(ProjectConfigurationPlatforms) = postSolution
		{9E637F7A-5EC1-4C7B-A225-F6C6362619F0}.Debug|Any CPU.ActiveCfg = Debug|Any CPU
		{9E637F7A-5EC1-4C7B-A225-F6C6362619F0}.Debug|Any CPU.Build.0 = Debug|Any CPU
		{9E637F7A-5EC1-4C7B-A225-F6C6362619F0}.Release|Any CPU.ActiveCfg = Release|Any CPU
		{9E637F7A-5EC1-4C7B-A225-F6C6362619F0}.Release|Any CPU.Build.0 = Release|Any CPU
	EndGlobalSection
	GlobalSection(SolutionProperties) = preSolution
		HideSolutionNode = FALSE
	EndGlobalSection
	GlobalSection(ExtensibilityGlobals) = postSolution
		SolutionGuid = {DE102456-0D9A-4D31-8691-E1DA53BE99CA}
	EndGlobalSection
EndGlobal
